// !$*UTF8*$!
{
	archiveVersion = 1;
	classes = {
	};
	objectVersion = 50;
	objects = {

/* Begin PBXBuildFile section */
		AB01ECF7246C668D00A9F385 /* AuthenticatorViewModel.swift in Sources */ = {isa = PBXBuildFile; fileRef = AB01ECF6246C668D00A9F385 /* AuthenticatorViewModel.swift */; };
		AB01ECFE246C6DC800A9F385 /* Bill.storyboard in Resources */ = {isa = PBXBuildFile; fileRef = AB01ECFD246C6DC800A9F385 /* Bill.storyboard */; };
		AB01ED05246C6E3F00A9F385 /* Person.storyboard in Resources */ = {isa = PBXBuildFile; fileRef = AB01ED04246C6E3F00A9F385 /* Person.storyboard */; };
		AB01ED0C246C72F700A9F385 /* Configuration.storyboard in Resources */ = {isa = PBXBuildFile; fileRef = AB01ED0B246C72F700A9F385 /* Configuration.storyboard */; };
		AB0ABA86246CD52D00ED2461 /* InfoPlist.strings in Resources */ = {isa = PBXBuildFile; fileRef = AB0ABA88246CD52D00ED2461 /* InfoPlist.strings */; };
		AB0ABA8B246CD57A00ED2461 /* LaunchScreen.storyboard in Resources */ = {isa = PBXBuildFile; fileRef = AB0ABA8A246CD57A00ED2461 /* LaunchScreen.storyboard */; };
		AB0ABA8E246CD62200ED2461 /* Main.storyboard in Resources */ = {isa = PBXBuildFile; fileRef = AB0ABA8D246CD62200ED2461 /* Main.storyboard */; };
		AB0ABA90246CD75400ED2461 /* Person.swift in Sources */ = {isa = PBXBuildFile; fileRef = AB0ABA8F246CD75400ED2461 /* Person.swift */; };
		AB0ABA93246CDA5A00ED2461 /* ImageTableViewCell.swift in Sources */ = {isa = PBXBuildFile; fileRef = AB0ABA91246CDA5A00ED2461 /* ImageTableViewCell.swift */; };
		AB0ABA94246CDA5A00ED2461 /* ImageTableViewCell.xib in Resources */ = {isa = PBXBuildFile; fileRef = AB0ABA92246CDA5A00ED2461 /* ImageTableViewCell.xib */; };
		AB0ABA98246CDBEF00ED2461 /* TextFieldTableViewCell.swift in Sources */ = {isa = PBXBuildFile; fileRef = AB0ABA96246CDBEF00ED2461 /* TextFieldTableViewCell.swift */; };
		AB0ABA99246CDBEF00ED2461 /* TextFieldTableViewCell.xib in Resources */ = {isa = PBXBuildFile; fileRef = AB0ABA97246CDBEF00ED2461 /* TextFieldTableViewCell.xib */; };
		AB0ABA9B246CE62D00ED2461 /* PersonListViewController.swift in Sources */ = {isa = PBXBuildFile; fileRef = AB0ABA9A246CE62D00ED2461 /* PersonListViewController.swift */; };
		AB0ABA9D246CE67D00ED2461 /* PersonDetailTableViewController.swift in Sources */ = {isa = PBXBuildFile; fileRef = AB0ABA9C246CE67D00ED2461 /* PersonDetailTableViewController.swift */; };
		ABB2B5D0246CF7C600B62910 /* ButtonTableViewCell.swift in Sources */ = {isa = PBXBuildFile; fileRef = ABB2B5CE246CF7C600B62910 /* ButtonTableViewCell.swift */; };
		ABB2B5D1246CF7C600B62910 /* ButtonTableViewCell.xib in Resources */ = {isa = PBXBuildFile; fileRef = ABB2B5CF246CF7C600B62910 /* ButtonTableViewCell.xib */; };
		ABB2B5D4246CFA7000B62910 /* Constant.swift in Sources */ = {isa = PBXBuildFile; fileRef = ABB2B5D3246CFA7000B62910 /* Constant.swift */; };
		ABB2B5D6246CFD2B00B62910 /* PersonViewModel.swift in Sources */ = {isa = PBXBuildFile; fileRef = ABB2B5D5246CFD2B00B62910 /* PersonViewModel.swift */; };
		ABE2A882246C530100CB1289 /* AppDelegate.swift in Sources */ = {isa = PBXBuildFile; fileRef = ABE2A881246C530100CB1289 /* AppDelegate.swift */; };
		ABE2A886246C530100CB1289 /* AuthenticatorViewController.swift in Sources */ = {isa = PBXBuildFile; fileRef = ABE2A885246C530100CB1289 /* AuthenticatorViewController.swift */; };
		ABE2A88B246C530500CB1289 /* Assets.xcassets in Resources */ = {isa = PBXBuildFile; fileRef = ABE2A88A246C530500CB1289 /* Assets.xcassets */; };
		ABE2A899246C530500CB1289 /* BillSplitterTests.swift in Sources */ = {isa = PBXBuildFile; fileRef = ABE2A898246C530500CB1289 /* BillSplitterTests.swift */; };
/* End PBXBuildFile section */

/* Begin PBXContainerItemProxy section */
		ABE2A895246C530500CB1289 /* PBXContainerItemProxy */ = {
			isa = PBXContainerItemProxy;
			containerPortal = ABE2A876246C530100CB1289 /* Project object */;
			proxyType = 1;
			remoteGlobalIDString = ABE2A87D246C530100CB1289;
			remoteInfo = BillSplitter;
		};
/* End PBXContainerItemProxy section */

/* Begin PBXFileReference section */
		AB01ECF6246C668D00A9F385 /* AuthenticatorViewModel.swift */ = {isa = PBXFileReference; lastKnownFileType = sourcecode.swift; path = AuthenticatorViewModel.swift; sourceTree = "<group>"; };
		AB01ECFD246C6DC800A9F385 /* Bill.storyboard */ = {isa = PBXFileReference; lastKnownFileType = file.storyboard; path = Bill.storyboard; sourceTree = "<group>"; };
		AB01ED04246C6E3F00A9F385 /* Person.storyboard */ = {isa = PBXFileReference; lastKnownFileType = file.storyboard; path = Person.storyboard; sourceTree = "<group>"; };
		AB01ED0B246C72F700A9F385 /* Configuration.storyboard */ = {isa = PBXFileReference; lastKnownFileType = file.storyboard; path = Configuration.storyboard; sourceTree = "<group>"; };
		AB0ABA87246CD52D00ED2461 /* en */ = {isa = PBXFileReference; lastKnownFileType = text.plist.strings; name = en; path = en.lproj/InfoPlist.strings; sourceTree = "<group>"; };
		AB0ABA8A246CD57A00ED2461 /* LaunchScreen.storyboard */ = {isa = PBXFileReference; fileEncoding = 4; lastKnownFileType = file.storyboard; path = LaunchScreen.storyboard; sourceTree = "<group>"; };
		AB0ABA8D246CD62200ED2461 /* Main.storyboard */ = {isa = PBXFileReference; fileEncoding = 4; lastKnownFileType = file.storyboard; path = Main.storyboard; sourceTree = "<group>"; };
		AB0ABA8F246CD75400ED2461 /* Person.swift */ = {isa = PBXFileReference; lastKnownFileType = sourcecode.swift; path = Person.swift; sourceTree = "<group>"; };
		AB0ABA91246CDA5A00ED2461 /* ImageTableViewCell.swift */ = {isa = PBXFileReference; lastKnownFileType = sourcecode.swift; path = ImageTableViewCell.swift; sourceTree = "<group>"; };
		AB0ABA92246CDA5A00ED2461 /* ImageTableViewCell.xib */ = {isa = PBXFileReference; lastKnownFileType = file.xib; path = ImageTableViewCell.xib; sourceTree = "<group>"; };
		AB0ABA96246CDBEF00ED2461 /* TextFieldTableViewCell.swift */ = {isa = PBXFileReference; lastKnownFileType = sourcecode.swift; path = TextFieldTableViewCell.swift; sourceTree = "<group>"; };
		AB0ABA97246CDBEF00ED2461 /* TextFieldTableViewCell.xib */ = {isa = PBXFileReference; lastKnownFileType = file.xib; path = TextFieldTableViewCell.xib; sourceTree = "<group>"; };
		AB0ABA9A246CE62D00ED2461 /* PersonListViewController.swift */ = {isa = PBXFileReference; fileEncoding = 4; lastKnownFileType = sourcecode.swift; path = PersonListViewController.swift; sourceTree = "<group>"; };
		AB0ABA9C246CE67D00ED2461 /* PersonDetailTableViewController.swift */ = {isa = PBXFileReference; lastKnownFileType = sourcecode.swift; path = PersonDetailTableViewController.swift; sourceTree = "<group>"; };
		ABB2B5CE246CF7C600B62910 /* ButtonTableViewCell.swift */ = {isa = PBXFileReference; lastKnownFileType = sourcecode.swift; path = ButtonTableViewCell.swift; sourceTree = "<group>"; };
		ABB2B5CF246CF7C600B62910 /* ButtonTableViewCell.xib */ = {isa = PBXFileReference; lastKnownFileType = file.xib; path = ButtonTableViewCell.xib; sourceTree = "<group>"; };
		ABB2B5D3246CFA7000B62910 /* Constant.swift */ = {isa = PBXFileReference; lastKnownFileType = sourcecode.swift; path = Constant.swift; sourceTree = "<group>"; };
		ABB2B5D5246CFD2B00B62910 /* PersonViewModel.swift */ = {isa = PBXFileReference; lastKnownFileType = sourcecode.swift; path = PersonViewModel.swift; sourceTree = "<group>"; };
		ABE2A87E246C530100CB1289 /* Bill Splitter.app */ = {isa = PBXFileReference; explicitFileType = wrapper.application; includeInIndex = 0; path = "Bill Splitter.app"; sourceTree = BUILT_PRODUCTS_DIR; };
		ABE2A881246C530100CB1289 /* AppDelegate.swift */ = {isa = PBXFileReference; lastKnownFileType = sourcecode.swift; path = AppDelegate.swift; sourceTree = "<group>"; };
		ABE2A885246C530100CB1289 /* AuthenticatorViewController.swift */ = {isa = PBXFileReference; lastKnownFileType = sourcecode.swift; path = AuthenticatorViewController.swift; sourceTree = "<group>"; };
		ABE2A88A246C530500CB1289 /* Assets.xcassets */ = {isa = PBXFileReference; lastKnownFileType = folder.assetcatalog; path = Assets.xcassets; sourceTree = "<group>"; };
		ABE2A88F246C530500CB1289 /* Info.plist */ = {isa = PBXFileReference; lastKnownFileType = text.plist.xml; path = Info.plist; sourceTree = "<group>"; };
		ABE2A894246C530500CB1289 /* BillSplitterTests.xctest */ = {isa = PBXFileReference; explicitFileType = wrapper.cfbundle; includeInIndex = 0; path = BillSplitterTests.xctest; sourceTree = BUILT_PRODUCTS_DIR; };
		ABE2A898246C530500CB1289 /* BillSplitterTests.swift */ = {isa = PBXFileReference; lastKnownFileType = sourcecode.swift; path = BillSplitterTests.swift; sourceTree = "<group>"; };
		ABE2A89A246C530500CB1289 /* Info.plist */ = {isa = PBXFileReference; lastKnownFileType = text.plist.xml; path = Info.plist; sourceTree = "<group>"; };
/* End PBXFileReference section */

/* Begin PBXFrameworksBuildPhase section */
		ABE2A87B246C530100CB1289 /* Frameworks */ = {
			isa = PBXFrameworksBuildPhase;
			buildActionMask = 2147483647;
			files = (
			);
			runOnlyForDeploymentPostprocessing = 0;
		};
		ABE2A891246C530500CB1289 /* Frameworks */ = {
			isa = PBXFrameworksBuildPhase;
			buildActionMask = 2147483647;
			files = (
			);
			runOnlyForDeploymentPostprocessing = 0;
		};
/* End PBXFrameworksBuildPhase section */

/* Begin PBXGroup section */
		68CF3D6FF2B0F0D7ED62F8F4 /* Pods */ = {
			isa = PBXGroup;
			children = (
			);
			path = Pods;
			sourceTree = "<group>";
		};
		AB01ECF8246C6D8A00A9F385 /* Bill */ = {
			isa = PBXGroup;
			children = (
				AB01ECFC246C6DB100A9F385 /* Model */,
				AB01ECFB246C6DAC00A9F385 /* View */,
				AB01ECFA246C6DA600A9F385 /* View Model */,
				AB01ECF9246C6D9D00A9F385 /* Controller */,
			);
			path = Bill;
			sourceTree = "<group>";
		};
		AB01ECF9246C6D9D00A9F385 /* Controller */ = {
			isa = PBXGroup;
			children = (
			);
			path = Controller;
			sourceTree = "<group>";
		};
		AB01ECFA246C6DA600A9F385 /* View Model */ = {
			isa = PBXGroup;
			children = (
			);
			path = "View Model";
			sourceTree = "<group>";
		};
		AB01ECFB246C6DAC00A9F385 /* View */ = {
			isa = PBXGroup;
			children = (
				AB01ECFD246C6DC800A9F385 /* Bill.storyboard */,
			);
			path = View;
			sourceTree = "<group>";
		};
		AB01ECFC246C6DB100A9F385 /* Model */ = {
			isa = PBXGroup;
			children = (
			);
			path = Model;
			sourceTree = "<group>";
		};
		AB01ECFF246C6E0B00A9F385 /* Person */ = {
			isa = PBXGroup;
			children = (
				AB01ED03246C6E2500A9F385 /* Model */,
				AB01ED02246C6E2100A9F385 /* View */,
				AB01ED01246C6E1D00A9F385 /* View Model */,
				AB01ED00246C6E1800A9F385 /* Controller */,
			);
			path = Person;
			sourceTree = "<group>";
		};
		AB01ED00246C6E1800A9F385 /* Controller */ = {
			isa = PBXGroup;
			children = (
				AB0ABA9A246CE62D00ED2461 /* PersonListViewController.swift */,
				AB0ABA9C246CE67D00ED2461 /* PersonDetailTableViewController.swift */,
			);
			path = Controller;
			sourceTree = "<group>";
		};
		AB01ED01246C6E1D00A9F385 /* View Model */ = {
			isa = PBXGroup;
			children = (
				ABB2B5D5246CFD2B00B62910 /* PersonViewModel.swift */,
			);
			path = "View Model";
			sourceTree = "<group>";
		};
		AB01ED02246C6E2100A9F385 /* View */ = {
			isa = PBXGroup;
			children = (
				AB01ED04246C6E3F00A9F385 /* Person.storyboard */,
			);
			path = View;
			sourceTree = "<group>";
		};
		AB01ED03246C6E2500A9F385 /* Model */ = {
			isa = PBXGroup;
			children = (
				AB0ABA8F246CD75400ED2461 /* Person.swift */,
			);
			path = Model;
			sourceTree = "<group>";
		};
		AB01ED06246C72CB00A9F385 /* Configuration */ = {
			isa = PBXGroup;
			children = (
				AB01ED0A246C72E600A9F385 /* Model */,
				AB01ED09246C72DC00A9F385 /* View */,
				AB01ED08246C72D700A9F385 /* View Model */,
				AB01ED07246C72D100A9F385 /* Controller */,
			);
			path = Configuration;
			sourceTree = "<group>";
		};
		AB01ED07246C72D100A9F385 /* Controller */ = {
			isa = PBXGroup;
			children = (
			);
			path = Controller;
			sourceTree = "<group>";
		};
		AB01ED08246C72D700A9F385 /* View Model */ = {
			isa = PBXGroup;
			children = (
			);
			path = "View Model";
			sourceTree = "<group>";
		};
		AB01ED09246C72DC00A9F385 /* View */ = {
			isa = PBXGroup;
			children = (
				AB01ED0B246C72F700A9F385 /* Configuration.storyboard */,
			);
			path = View;
			sourceTree = "<group>";
		};
		AB01ED0A246C72E600A9F385 /* Model */ = {
			isa = PBXGroup;
			children = (
			);
			path = Model;
			sourceTree = "<group>";
		};
		AB0ABA95246CDBCC00ED2461 /* View */ = {
			isa = PBXGroup;
			children = (
				AB0ABA91246CDA5A00ED2461 /* ImageTableViewCell.swift */,
				AB0ABA92246CDA5A00ED2461 /* ImageTableViewCell.xib */,
				AB0ABA96246CDBEF00ED2461 /* TextFieldTableViewCell.swift */,
				AB0ABA97246CDBEF00ED2461 /* TextFieldTableViewCell.xib */,
				ABB2B5CE246CF7C600B62910 /* ButtonTableViewCell.swift */,
				ABB2B5CF246CF7C600B62910 /* ButtonTableViewCell.xib */,
			);
			path = View;
			sourceTree = "<group>";
		};
		ABB2B5D2246CFA6100B62910 /* Misc */ = {
			isa = PBXGroup;
			children = (
				ABB2B5D3246CFA7000B62910 /* Constant.swift */,
			);
			path = Misc;
			sourceTree = "<group>";
		};
		ABE2A875246C530100CB1289 = {
			isa = PBXGroup;
			children = (
				ABE2A880246C530100CB1289 /* BillSplitter */,
				ABE2A897246C530500CB1289 /* BillSplitterTests */,
				ABE2A87F246C530100CB1289 /* Products */,
				68CF3D6FF2B0F0D7ED62F8F4 /* Pods */,
			);
			sourceTree = "<group>";
		};
		ABE2A87F246C530100CB1289 /* Products */ = {
			isa = PBXGroup;
			children = (
				ABE2A87E246C530100CB1289 /* Bill Splitter.app */,
				ABE2A894246C530500CB1289 /* BillSplitterTests.xctest */,
			);
			name = Products;
			sourceTree = "<group>";
		};
		ABE2A880246C530100CB1289 /* BillSplitter */ = {
			isa = PBXGroup;
			children = (
				ABE2A8A3246C5E4000CB1289 /* App */,
				ABE2A8A4246C5E6F00CB1289 /* Supporting Files */,
			);
			path = BillSplitter;
			sourceTree = "<group>";
		};
		ABE2A897246C530500CB1289 /* BillSplitterTests */ = {
			isa = PBXGroup;
			children = (
				ABE2A898246C530500CB1289 /* BillSplitterTests.swift */,
				ABE2A89A246C530500CB1289 /* Info.plist */,
			);
			path = BillSplitterTests;
			sourceTree = "<group>";
		};
		ABE2A8A3246C5E4000CB1289 /* App */ = {
			isa = PBXGroup;
			children = (
				ABE2A8A5246C5F3100CB1289 /* Base */,
				ABE2A8A6246C5F3700CB1289 /* Modules */,
			);
			path = App;
			sourceTree = "<group>";
		};
		ABE2A8A4246C5E6F00CB1289 /* Supporting Files */ = {
			isa = PBXGroup;
			children = (
				ABE2A881246C530100CB1289 /* AppDelegate.swift */,
				ABE2A88A246C530500CB1289 /* Assets.xcassets */,
				ABE2A88F246C530500CB1289 /* Info.plist */,
				AB0ABA88246CD52D00ED2461 /* InfoPlist.strings */,
				AB0ABA8A246CD57A00ED2461 /* LaunchScreen.storyboard */,
			);
			path = "Supporting Files";
			sourceTree = "<group>";
		};
		ABE2A8A5246C5F3100CB1289 /* Base */ = {
			isa = PBXGroup;
			children = (
				ABB2B5D2246CFA6100B62910 /* Misc */,
				AB0ABA95246CDBCC00ED2461 /* View */,
			);
			path = Base;
			sourceTree = "<group>";
		};
		ABE2A8A6246C5F3700CB1289 /* Modules */ = {
			isa = PBXGroup;
			children = (
				AB01ED06246C72CB00A9F385 /* Configuration */,
				AB01ECFF246C6E0B00A9F385 /* Person */,
				AB01ECF8246C6D8A00A9F385 /* Bill */,
				ABE2A8A7246C5F4600CB1289 /* Main */,
			);
			path = Modules;
			sourceTree = "<group>";
		};
		ABE2A8A7246C5F4600CB1289 /* Main */ = {
			isa = PBXGroup;
			children = (
				ABE2A8A8246C5F5900CB1289 /* Model */,
				ABE2A8A9246C5F5D00CB1289 /* View */,
				ABE2A8AA246C5F6400CB1289 /* View Model */,
				ABE2A8AB246C5F6A00CB1289 /* Controller */,
			);
			path = Main;
			sourceTree = "<group>";
		};
		ABE2A8A8246C5F5900CB1289 /* Model */ = {
			isa = PBXGroup;
			children = (
			);
			path = Model;
			sourceTree = "<group>";
		};
		ABE2A8A9246C5F5D00CB1289 /* View */ = {
			isa = PBXGroup;
			children = (
				AB0ABA8D246CD62200ED2461 /* Main.storyboard */,
			);
			path = View;
			sourceTree = "<group>";
		};
		ABE2A8AA246C5F6400CB1289 /* View Model */ = {
			isa = PBXGroup;
			children = (
				AB01ECF6246C668D00A9F385 /* AuthenticatorViewModel.swift */,
			);
			path = "View Model";
			sourceTree = "<group>";
		};
		ABE2A8AB246C5F6A00CB1289 /* Controller */ = {
			isa = PBXGroup;
			children = (
				ABE2A885246C530100CB1289 /* AuthenticatorViewController.swift */,
			);
			path = Controller;
			sourceTree = "<group>";
		};
/* End PBXGroup section */

/* Begin PBXNativeTarget section */
		ABE2A87D246C530100CB1289 /* BillSplitter */ = {
			isa = PBXNativeTarget;
			buildConfigurationList = ABE2A89D246C530500CB1289 /* Build configuration list for PBXNativeTarget "BillSplitter" */;
			buildPhases = (
				ABE2A87A246C530100CB1289 /* Sources */,
				ABE2A87B246C530100CB1289 /* Frameworks */,
				ABE2A87C246C530100CB1289 /* Resources */,
			);
			buildRules = (
			);
			dependencies = (
			);
			name = BillSplitter;
			productName = BillSplitter;
			productReference = ABE2A87E246C530100CB1289 /* Bill Splitter.app */;
			productType = "com.apple.product-type.application";
		};
		ABE2A893246C530500CB1289 /* BillSplitterTests */ = {
			isa = PBXNativeTarget;
			buildConfigurationList = ABE2A8A0246C530500CB1289 /* Build configuration list for PBXNativeTarget "BillSplitterTests" */;
			buildPhases = (
				ABE2A890246C530500CB1289 /* Sources */,
				ABE2A891246C530500CB1289 /* Frameworks */,
				ABE2A892246C530500CB1289 /* Resources */,
			);
			buildRules = (
			);
			dependencies = (
				ABE2A896246C530500CB1289 /* PBXTargetDependency */,
			);
			name = BillSplitterTests;
			productName = BillSplitterTests;
			productReference = ABE2A894246C530500CB1289 /* BillSplitterTests.xctest */;
			productType = "com.apple.product-type.bundle.unit-test";
		};
/* End PBXNativeTarget section */

/* Begin PBXProject section */
		ABE2A876246C530100CB1289 /* Project object */ = {
			isa = PBXProject;
			attributes = {
				LastSwiftUpdateCheck = 1140;
				LastUpgradeCheck = 1140;
				ORGANIZATIONNAME = "José Valderrama";
				TargetAttributes = {
					ABE2A87D246C530100CB1289 = {
						CreatedOnToolsVersion = 11.4.1;
					};
					ABE2A893246C530500CB1289 = {
						CreatedOnToolsVersion = 11.4.1;
						TestTargetID = ABE2A87D246C530100CB1289;
					};
				};
			};
			buildConfigurationList = ABE2A879246C530100CB1289 /* Build configuration list for PBXProject "BillSplitter" */;
			compatibilityVersion = "Xcode 9.3";
			developmentRegion = en;
			hasScannedForEncodings = 0;
			knownRegions = (
				en,
				Base,
			);
			mainGroup = ABE2A875246C530100CB1289;
			productRefGroup = ABE2A87F246C530100CB1289 /* Products */;
			projectDirPath = "";
			projectRoot = "";
			targets = (
				ABE2A87D246C530100CB1289 /* BillSplitter */,
				ABE2A893246C530500CB1289 /* BillSplitterTests */,
			);
		};
/* End PBXProject section */

/* Begin PBXResourcesBuildPhase section */
		ABE2A87C246C530100CB1289 /* Resources */ = {
			isa = PBXResourcesBuildPhase;
			buildActionMask = 2147483647;
			files = (
				AB0ABA8E246CD62200ED2461 /* Main.storyboard in Resources */,
				AB0ABA94246CDA5A00ED2461 /* ImageTableViewCell.xib in Resources */,
				AB0ABA86246CD52D00ED2461 /* InfoPlist.strings in Resources */,
				AB01ECFE246C6DC800A9F385 /* Bill.storyboard in Resources */,
				AB0ABA99246CDBEF00ED2461 /* TextFieldTableViewCell.xib in Resources */,
				ABE2A88B246C530500CB1289 /* Assets.xcassets in Resources */,
				AB01ED0C246C72F700A9F385 /* Configuration.storyboard in Resources */,
				ABB2B5D1246CF7C600B62910 /* ButtonTableViewCell.xib in Resources */,
				AB0ABA8B246CD57A00ED2461 /* LaunchScreen.storyboard in Resources */,
				AB01ED05246C6E3F00A9F385 /* Person.storyboard in Resources */,
			);
			runOnlyForDeploymentPostprocessing = 0;
		};
		ABE2A892246C530500CB1289 /* Resources */ = {
			isa = PBXResourcesBuildPhase;
			buildActionMask = 2147483647;
			files = (
			);
			runOnlyForDeploymentPostprocessing = 0;
		};
/* End PBXResourcesBuildPhase section */

/* Begin PBXSourcesBuildPhase section */
		ABE2A87A246C530100CB1289 /* Sources */ = {
			isa = PBXSourcesBuildPhase;
			buildActionMask = 2147483647;
			files = (
				ABB2B5D0246CF7C600B62910 /* ButtonTableViewCell.swift in Sources */,
				AB0ABA90246CD75400ED2461 /* Person.swift in Sources */,
				AB0ABA9D246CE67D00ED2461 /* PersonDetailTableViewController.swift in Sources */,
				ABB2B5D6246CFD2B00B62910 /* PersonViewModel.swift in Sources */,
				AB0ABA93246CDA5A00ED2461 /* ImageTableViewCell.swift in Sources */,
				AB0ABA98246CDBEF00ED2461 /* TextFieldTableViewCell.swift in Sources */,
				AB0ABA9B246CE62D00ED2461 /* PersonListViewController.swift in Sources */,
				ABE2A886246C530100CB1289 /* AuthenticatorViewController.swift in Sources */,
				ABB2B5D4246CFA7000B62910 /* Constant.swift in Sources */,
				AB01ECF7246C668D00A9F385 /* AuthenticatorViewModel.swift in Sources */,
				ABE2A882246C530100CB1289 /* AppDelegate.swift in Sources */,
			);
			runOnlyForDeploymentPostprocessing = 0;
		};
		ABE2A890246C530500CB1289 /* Sources */ = {
			isa = PBXSourcesBuildPhase;
			buildActionMask = 2147483647;
			files = (
				ABE2A899246C530500CB1289 /* BillSplitterTests.swift in Sources */,
			);
			runOnlyForDeploymentPostprocessing = 0;
		};
/* End PBXSourcesBuildPhase section */

/* Begin PBXTargetDependency section */
		ABE2A896246C530500CB1289 /* PBXTargetDependency */ = {
			isa = PBXTargetDependency;
			target = ABE2A87D246C530100CB1289 /* BillSplitter */;
			targetProxy = ABE2A895246C530500CB1289 /* PBXContainerItemProxy */;
		};
/* End PBXTargetDependency section */

/* Begin PBXVariantGroup section */
		AB0ABA88246CD52D00ED2461 /* InfoPlist.strings */ = {
			isa = PBXVariantGroup;
			children = (
				AB0ABA87246CD52D00ED2461 /* en */,
			);
			name = InfoPlist.strings;
			sourceTree = "<group>";
		};
/* End PBXVariantGroup section */

/* Begin XCBuildConfiguration section */
		ABE2A89B246C530500CB1289 /* Debug */ = {
			isa = XCBuildConfiguration;
			buildSettings = {
				ALWAYS_SEARCH_USER_PATHS = NO;
				CLANG_ANALYZER_NONNULL = YES;
				CLANG_ANALYZER_NUMBER_OBJECT_CONVERSION = YES_AGGRESSIVE;
				CLANG_CXX_LANGUAGE_STANDARD = "gnu++14";
				CLANG_CXX_LIBRARY = "libc++";
				CLANG_ENABLE_MODULES = YES;
				CLANG_ENABLE_OBJC_ARC = YES;
				CLANG_ENABLE_OBJC_WEAK = YES;
				CLANG_WARN_BLOCK_CAPTURE_AUTORELEASING = YES;
				CLANG_WARN_BOOL_CONVERSION = YES;
				CLANG_WARN_COMMA = YES;
				CLANG_WARN_CONSTANT_CONVERSION = YES;
				CLANG_WARN_DEPRECATED_OBJC_IMPLEMENTATIONS = YES;
				CLANG_WARN_DIRECT_OBJC_ISA_USAGE = YES_ERROR;
				CLANG_WARN_DOCUMENTATION_COMMENTS = YES;
				CLANG_WARN_EMPTY_BODY = YES;
				CLANG_WARN_ENUM_CONVERSION = YES;
				CLANG_WARN_INFINITE_RECURSION = YES;
				CLANG_WARN_INT_CONVERSION = YES;
				CLANG_WARN_NON_LITERAL_NULL_CONVERSION = YES;
				CLANG_WARN_OBJC_IMPLICIT_RETAIN_SELF = YES;
				CLANG_WARN_OBJC_LITERAL_CONVERSION = YES;
				CLANG_WARN_OBJC_ROOT_CLASS = YES_ERROR;
				CLANG_WARN_RANGE_LOOP_ANALYSIS = YES;
				CLANG_WARN_STRICT_PROTOTYPES = YES;
				CLANG_WARN_SUSPICIOUS_MOVE = YES;
				CLANG_WARN_UNGUARDED_AVAILABILITY = YES_AGGRESSIVE;
				CLANG_WARN_UNREACHABLE_CODE = YES;
				CLANG_WARN__DUPLICATE_METHOD_MATCH = YES;
				COPY_PHASE_STRIP = NO;
				DEBUG_INFORMATION_FORMAT = dwarf;
				ENABLE_STRICT_OBJC_MSGSEND = YES;
				ENABLE_TESTABILITY = YES;
				GCC_C_LANGUAGE_STANDARD = gnu11;
				GCC_DYNAMIC_NO_PIC = NO;
				GCC_NO_COMMON_BLOCKS = YES;
				GCC_OPTIMIZATION_LEVEL = 0;
				GCC_PREPROCESSOR_DEFINITIONS = (
					"DEBUG=1",
					"$(inherited)",
				);
				GCC_WARN_64_TO_32_BIT_CONVERSION = YES;
				GCC_WARN_ABOUT_RETURN_TYPE = YES_ERROR;
				GCC_WARN_UNDECLARED_SELECTOR = YES;
				GCC_WARN_UNINITIALIZED_AUTOS = YES_AGGRESSIVE;
				GCC_WARN_UNUSED_FUNCTION = YES;
				GCC_WARN_UNUSED_VARIABLE = YES;
				IPHONEOS_DEPLOYMENT_TARGET = 10.0;
				MTL_ENABLE_DEBUG_INFO = INCLUDE_SOURCE;
				MTL_FAST_MATH = YES;
				ONLY_ACTIVE_ARCH = YES;
				SDKROOT = iphoneos;
				SWIFT_ACTIVE_COMPILATION_CONDITIONS = DEBUG;
				SWIFT_OPTIMIZATION_LEVEL = "-Onone";
			};
			name = Debug;
		};
		ABE2A89C246C530500CB1289 /* Release */ = {
			isa = XCBuildConfiguration;
			buildSettings = {
				ALWAYS_SEARCH_USER_PATHS = NO;
				CLANG_ANALYZER_NONNULL = YES;
				CLANG_ANALYZER_NUMBER_OBJECT_CONVERSION = YES_AGGRESSIVE;
				CLANG_CXX_LANGUAGE_STANDARD = "gnu++14";
				CLANG_CXX_LIBRARY = "libc++";
				CLANG_ENABLE_MODULES = YES;
				CLANG_ENABLE_OBJC_ARC = YES;
				CLANG_ENABLE_OBJC_WEAK = YES;
				CLANG_WARN_BLOCK_CAPTURE_AUTORELEASING = YES;
				CLANG_WARN_BOOL_CONVERSION = YES;
				CLANG_WARN_COMMA = YES;
				CLANG_WARN_CONSTANT_CONVERSION = YES;
				CLANG_WARN_DEPRECATED_OBJC_IMPLEMENTATIONS = YES;
				CLANG_WARN_DIRECT_OBJC_ISA_USAGE = YES_ERROR;
				CLANG_WARN_DOCUMENTATION_COMMENTS = YES;
				CLANG_WARN_EMPTY_BODY = YES;
				CLANG_WARN_ENUM_CONVERSION = YES;
				CLANG_WARN_INFINITE_RECURSION = YES;
				CLANG_WARN_INT_CONVERSION = YES;
				CLANG_WARN_NON_LITERAL_NULL_CONVERSION = YES;
				CLANG_WARN_OBJC_IMPLICIT_RETAIN_SELF = YES;
				CLANG_WARN_OBJC_LITERAL_CONVERSION = YES;
				CLANG_WARN_OBJC_ROOT_CLASS = YES_ERROR;
				CLANG_WARN_RANGE_LOOP_ANALYSIS = YES;
				CLANG_WARN_STRICT_PROTOTYPES = YES;
				CLANG_WARN_SUSPICIOUS_MOVE = YES;
				CLANG_WARN_UNGUARDED_AVAILABILITY = YES_AGGRESSIVE;
				CLANG_WARN_UNREACHABLE_CODE = YES;
				CLANG_WARN__DUPLICATE_METHOD_MATCH = YES;
				COPY_PHASE_STRIP = NO;
				DEBUG_INFORMATION_FORMAT = "dwarf-with-dsym";
				ENABLE_NS_ASSERTIONS = NO;
				ENABLE_STRICT_OBJC_MSGSEND = YES;
				GCC_C_LANGUAGE_STANDARD = gnu11;
				GCC_NO_COMMON_BLOCKS = YES;
				GCC_WARN_64_TO_32_BIT_CONVERSION = YES;
				GCC_WARN_ABOUT_RETURN_TYPE = YES_ERROR;
				GCC_WARN_UNDECLARED_SELECTOR = YES;
				GCC_WARN_UNINITIALIZED_AUTOS = YES_AGGRESSIVE;
				GCC_WARN_UNUSED_FUNCTION = YES;
				GCC_WARN_UNUSED_VARIABLE = YES;
				IPHONEOS_DEPLOYMENT_TARGET = 10.0;
				MTL_ENABLE_DEBUG_INFO = NO;
				MTL_FAST_MATH = YES;
				SDKROOT = iphoneos;
				SWIFT_COMPILATION_MODE = wholemodule;
				SWIFT_OPTIMIZATION_LEVEL = "-O";
				VALIDATE_PRODUCT = YES;
			};
			name = Release;
		};
		ABE2A89E246C530500CB1289 /* Debug */ = {
			isa = XCBuildConfiguration;
			buildSettings = {
				ASSETCATALOG_COMPILER_APPICON_NAME = AppIcon;
				CODE_SIGN_STYLE = Automatic;
				DEVELOPMENT_TEAM = 5TE8VJRL4Q;
				INFOPLIST_FILE = "BillSplitter/Supporting Files/Info.plist";
				LD_RUNPATH_SEARCH_PATHS = (
					"$(inherited)",
					"@executable_path/Frameworks",
				);
				PRODUCT_BUNDLE_IDENTIFIER = josevalderrama.BillSplitter;
				PRODUCT_NAME = "Bill Splitter";
				SWIFT_VERSION = 5.0;
				TARGETED_DEVICE_FAMILY = "1,2";
			};
			name = Debug;
		};
		ABE2A89F246C530500CB1289 /* Release */ = {
			isa = XCBuildConfiguration;
			buildSettings = {
				ASSETCATALOG_COMPILER_APPICON_NAME = AppIcon;
				CODE_SIGN_STYLE = Automatic;
				DEVELOPMENT_TEAM = 5TE8VJRL4Q;
				INFOPLIST_FILE = "BillSplitter/Supporting Files/Info.plist";
				LD_RUNPATH_SEARCH_PATHS = (
					"$(inherited)",
					"@executable_path/Frameworks",
				);
				PRODUCT_BUNDLE_IDENTIFIER = josevalderrama.BillSplitter;
				PRODUCT_NAME = "Bill Splitter";
				SWIFT_VERSION = 5.0;
				TARGETED_DEVICE_FAMILY = "1,2";
			};
			name = Release;
		};
		ABE2A8A1246C530500CB1289 /* Debug */ = {
			isa = XCBuildConfiguration;
			buildSettings = {
				ALWAYS_EMBED_SWIFT_STANDARD_LIBRARIES = YES;
				BUNDLE_LOADER = "$(TEST_HOST)";
				CODE_SIGN_STYLE = Automatic;
				DEVELOPMENT_TEAM = 5TE8VJRL4Q;
				INFOPLIST_FILE = BillSplitterTests/Info.plist;
				IPHONEOS_DEPLOYMENT_TARGET = 13.4;
				LD_RUNPATH_SEARCH_PATHS = (
					"$(inherited)",
					"@executable_path/Frameworks",
					"@loader_path/Frameworks",
				);
				PRODUCT_BUNDLE_IDENTIFIER = josevalderrama.BillSplitterTests;
				PRODUCT_NAME = "$(TARGET_NAME)";
				SWIFT_VERSION = 5.0;
				TARGETED_DEVICE_FAMILY = "1,2";
				TEST_HOST = "$(BUILT_PRODUCTS_DIR)/BillSplitter.app/BillSplitter";
			};
			name = Debug;
		};
		ABE2A8A2246C530500CB1289 /* Release */ = {
			isa = XCBuildConfiguration;
			buildSettings = {
				ALWAYS_EMBED_SWIFT_STANDARD_LIBRARIES = YES;
				BUNDLE_LOADER = "$(TEST_HOST)";
				CODE_SIGN_STYLE = Automatic;
				DEVELOPMENT_TEAM = 5TE8VJRL4Q;
				INFOPLIST_FILE = BillSplitterTests/Info.plist;
				IPHONEOS_DEPLOYMENT_TARGET = 13.4;
				LD_RUNPATH_SEARCH_PATHS = (
					"$(inherited)",
					"@executable_path/Frameworks",
					"@loader_path/Frameworks",
				);
				PRODUCT_BUNDLE_IDENTIFIER = josevalderrama.BillSplitterTests;
				PRODUCT_NAME = "$(TARGET_NAME)";
				SWIFT_VERSION = 5.0;
				TARGETED_DEVICE_FAMILY = "1,2";
				TEST_HOST = "$(BUILT_PRODUCTS_DIR)/BillSplitter.app/BillSplitter";
			};
			name = Release;
		};
/* End XCBuildConfiguration section */

/* Begin XCConfigurationList section */
		ABE2A879246C530100CB1289 /* Build configuration list for PBXProject "BillSplitter" */ = {
			isa = XCConfigurationList;
			buildConfigurations = (
				ABE2A89B246C530500CB1289 /* Debug */,
				ABE2A89C246C530500CB1289 /* Release */,
			);
			defaultConfigurationIsVisible = 0;
			defaultConfigurationName = Release;
		};
		ABE2A89D246C530500CB1289 /* Build configuration list for PBXNativeTarget "BillSplitter" */ = {
			isa = XCConfigurationList;
			buildConfigurations = (
				ABE2A89E246C530500CB1289 /* Debug */,
				ABE2A89F246C530500CB1289 /* Release */,
			);
			defaultConfigurationIsVisible = 0;
			defaultConfigurationName = Release;
		};
		ABE2A8A0246C530500CB1289 /* Build configuration list for PBXNativeTarget "BillSplitterTests" */ = {
			isa = XCConfigurationList;
			buildConfigurations = (
				ABE2A8A1246C530500CB1289 /* Debug */,
				ABE2A8A2246C530500CB1289 /* Release */,
			);
			defaultConfigurationIsVisible = 0;
			defaultConfigurationName = Release;
		};
/* End XCConfigurationList section */
	};
	rootObject = ABE2A876246C530100CB1289 /* Project object */;
}
